
Microsoft Visual Studio Solution File, Format Version 12.00
Project("{FAE04EC0-301F-11D3-BF4B-00C04F79EFBC}") = "CsvEtl", "CsvEtl.csproj", "{8F0ACAF3-26B7-407B-8A99-879B7141163E}"
EndProject
Global
	GlobalSection(SolutionConfigurationPlatforms) = preSolution
		Debug|Any CPU = Debug|Any CPU
		Release|Any CPU = Release|Any CPU
	EndGlobalSection
	GlobalSection(ProjectConfigurationPlatforms) = postSolution
		{8F0ACAF3-26B7-407B-8A99-879B7141163E}.Debug|Any CPU.ActiveCfg = Debug|Any CPU
		{8F0ACAF3-26B7-407B-8A99-879B7141163E}.Debug|Any CPU.Build.0 = Debug|Any CPU
		{8F0ACAF3-26B7-407B-8A99-879B7141163E}.Release|Any CPU.ActiveCfg = Release|Any CPU
		{8F0ACAF3-26B7-407B-8A99-879B7141163E}.Release|Any CPU.Build.0 = Release|Any CPU
	EndGlobalSection
EndGlobal
